// !$*UTF8*$!
{
	archiveVersion = 1;
	classes = {
	};
	objectVersion = 46;
	objects = {

/* Begin PBXBuildFile section */
		8ADBB739813EA0B6DD3A7D7E /* Pods_GitHunt.framework in Frameworks */ = {isa = PBXBuildFile; fileRef = 02CCC343DDDD2B94857F0CB6 /* Pods_GitHunt.framework */; };
		D7BA070A1DF5513D005E11E9 /* AppDelegate.swift in Sources */ = {isa = PBXBuildFile; fileRef = D7BA07091DF5513D005E11E9 /* AppDelegate.swift */; };
		D7BA070C1DF5513D005E11E9 /* ViewController.swift in Sources */ = {isa = PBXBuildFile; fileRef = D7BA070B1DF5513D005E11E9 /* ViewController.swift */; };
		D7BA070F1DF5513D005E11E9 /* Main.storyboard in Resources */ = {isa = PBXBuildFile; fileRef = D7BA070D1DF5513D005E11E9 /* Main.storyboard */; };
		D7BA07111DF5513D005E11E9 /* Assets.xcassets in Resources */ = {isa = PBXBuildFile; fileRef = D7BA07101DF5513D005E11E9 /* Assets.xcassets */; };
		D7BA07141DF5513D005E11E9 /* LaunchScreen.storyboard in Resources */ = {isa = PBXBuildFile; fileRef = D7BA07121DF5513D005E11E9 /* LaunchScreen.storyboard */; };
/* End PBXBuildFile section */

/* Begin PBXFileReference section */
		02CCC343DDDD2B94857F0CB6 /* Pods_GitHunt.framework */ = {isa = PBXFileReference; explicitFileType = wrapper.framework; includeInIndex = 0; path = Pods_GitHunt.framework; sourceTree = BUILT_PRODUCTS_DIR; };
		D7BA07061DF5513D005E11E9 /* GitHunt.app */ = {isa = PBXFileReference; explicitFileType = wrapper.application; includeInIndex = 0; path = GitHunt.app; sourceTree = BUILT_PRODUCTS_DIR; };
		D7BA07091DF5513D005E11E9 /* AppDelegate.swift */ = {isa = PBXFileReference; lastKnownFileType = sourcecode.swift; path = AppDelegate.swift; sourceTree = "<group>"; };
		D7BA070B1DF5513D005E11E9 /* ViewController.swift */ = {isa = PBXFileReference; lastKnownFileType = sourcecode.swift; path = ViewController.swift; sourceTree = "<group>"; };
		D7BA070E1DF5513D005E11E9 /* Base */ = {isa = PBXFileReference; lastKnownFileType = file.storyboard; name = Base; path = Base.lproj/Main.storyboard; sourceTree = "<group>"; };
		D7BA07101DF5513D005E11E9 /* Assets.xcassets */ = {isa = PBXFileReference; lastKnownFileType = folder.assetcatalog; path = Assets.xcassets; sourceTree = "<group>"; };
		D7BA07131DF5513D005E11E9 /* Base */ = {isa = PBXFileReference; lastKnownFileType = file.storyboard; name = Base; path = Base.lproj/LaunchScreen.storyboard; sourceTree = "<group>"; };
		D7BA07151DF5513D005E11E9 /* Info.plist */ = {isa = PBXFileReference; lastKnownFileType = text.plist.xml; path = Info.plist; sourceTree = "<group>"; };
		DB1003620D2A3905918DE0CD /* Pods-GitHunt.release.xcconfig */ = {isa = PBXFileReference; includeInIndex = 1; lastKnownFileType = text.xcconfig; name = "Pods-GitHunt.release.xcconfig"; path = "Pods/Target Support Files/Pods-GitHunt/Pods-GitHunt.release.xcconfig"; sourceTree = "<group>"; };
		E20723F8926C4E30F72DF971 /* Pods-GitHunt.debug.xcconfig */ = {isa = PBXFileReference; includeInIndex = 1; lastKnownFileType = text.xcconfig; name = "Pods-GitHunt.debug.xcconfig"; path = "Pods/Target Support Files/Pods-GitHunt/Pods-GitHunt.debug.xcconfig"; sourceTree = "<group>"; };
/* End PBXFileReference section */

/* Begin PBXFrameworksBuildPhase section */
		D7BA07031DF5513D005E11E9 /* Frameworks */ = {
			isa = PBXFrameworksBuildPhase;
			buildActionMask = 2147483647;
			files = (
				8ADBB739813EA0B6DD3A7D7E /* Pods_GitHunt.framework in Frameworks */,
			);
			runOnlyForDeploymentPostprocessing = 0;
		};
/* End PBXFrameworksBuildPhase section */

/* Begin PBXGroup section */
		214BBAB628DCD403223252BA /* Frameworks */ = {
			isa = PBXGroup;
			children = (
				02CCC343DDDD2B94857F0CB6 /* Pods_GitHunt.framework */,
			);
			name = Frameworks;
			sourceTree = "<group>";
		};
		D7BA06FD1DF5513D005E11E9 = {
			isa = PBXGroup;
			children = (
				D7BA07081DF5513D005E11E9 /* GitHunt */,
				D7BA07071DF5513D005E11E9 /* Products */,
				F28F15C54A5671E87C3A4D96 /* Pods */,
				214BBAB628DCD403223252BA /* Frameworks */,
			);
			sourceTree = "<group>";
		};
		D7BA07071DF5513D005E11E9 /* Products */ = {
			isa = PBXGroup;
			children = (
				D7BA07061DF5513D005E11E9 /* GitHunt.app */,
			);
			name = Products;
			sourceTree = "<group>";
		};
		D7BA07081DF5513D005E11E9 /* GitHunt */ = {
			isa = PBXGroup;
			children = (
				D7BA07091DF5513D005E11E9 /* AppDelegate.swift */,
				D7BA070B1DF5513D005E11E9 /* ViewController.swift */,
				D7BA070D1DF5513D005E11E9 /* Main.storyboard */,
				D7BA07101DF5513D005E11E9 /* Assets.xcassets */,
				D7BA07121DF5513D005E11E9 /* LaunchScreen.storyboard */,
				D7BA07151DF5513D005E11E9 /* Info.plist */,
			);
			path = GitHunt;
			sourceTree = "<group>";
		};
		F28F15C54A5671E87C3A4D96 /* Pods */ = {
			isa = PBXGroup;
			children = (
				E20723F8926C4E30F72DF971 /* Pods-GitHunt.debug.xcconfig */,
				DB1003620D2A3905918DE0CD /* Pods-GitHunt.release.xcconfig */,
			);
			name = Pods;
			sourceTree = "<group>";
		};
/* End PBXGroup section */

/* Begin PBXNativeTarget section */
		D7BA07051DF5513D005E11E9 /* GitHunt */ = {
			isa = PBXNativeTarget;
			buildConfigurationList = D7BA07181DF5513D005E11E9 /* Build configuration list for PBXNativeTarget "GitHunt" */;
			buildPhases = (
				A7920E3B279647B4D3678B32 /* [CP] Check Pods Manifest.lock */,
				D7BA07021DF5513D005E11E9 /* Sources */,
				D7BA07031DF5513D005E11E9 /* Frameworks */,
				D7BA07041DF5513D005E11E9 /* Resources */,
				3CD0A6ADF555DCF9E5533B9B /* [CP] Embed Pods Frameworks */,
				B21BA98FD842130CF2EB98AF /* [CP] Copy Pods Resources */,
			);
			buildRules = (
			);
			dependencies = (
			);
			name = GitHunt;
			productName = GitHunt;
			productReference = D7BA07061DF5513D005E11E9 /* GitHunt.app */;
			productType = "com.apple.product-type.application";
		};
/* End PBXNativeTarget section */

/* Begin PBXProject section */
		D7BA06FE1DF5513D005E11E9 /* Project object */ = {
			isa = PBXProject;
			attributes = {
				LastSwiftUpdateCheck = 0810;
				LastUpgradeCheck = 0810;
				ORGANIZATIONNAME = Alex;
				TargetAttributes = {
					D7BA07051DF5513D005E11E9 = {
						CreatedOnToolsVersion = 8.1;
						DevelopmentTeam = WD4E9Z2WK8;
						ProvisioningStyle = Automatic;
					};
				};
			};
			buildConfigurationList = D7BA07011DF5513D005E11E9 /* Build configuration list for PBXProject "GitHunt" */;
			compatibilityVersion = "Xcode 3.2";
			developmentRegion = English;
			hasScannedForEncodings = 0;
			knownRegions = (
				en,
				Base,
			);
			mainGroup = D7BA06FD1DF5513D005E11E9;
			productRefGroup = D7BA07071DF5513D005E11E9 /* Products */;
			projectDirPath = "";
			projectRoot = "";
			targets = (
				D7BA07051DF5513D005E11E9 /* GitHunt */,
			);
		};
/* End PBXProject section */

/* Begin PBXResourcesBuildPhase section */
		D7BA07041DF5513D005E11E9 /* Resources */ = {
			isa = PBXResourcesBuildPhase;
			buildActionMask = 2147483647;
			files = (
				D7BA07141DF5513D005E11E9 /* LaunchScreen.storyboard in Resources */,
				D7BA07111DF5513D005E11E9 /* Assets.xcassets in Resources */,
				D7BA070F1DF5513D005E11E9 /* Main.storyboard in Resources */,
			);
			runOnlyForDeploymentPostprocessing = 0;
		};
/* End PBXResourcesBuildPhase section */

/* Begin PBXShellScriptBuildPhase section */
		3CD0A6ADF555DCF9E5533B9B /* [CP] Embed Pods Frameworks */ = {
			isa = PBXShellScriptBuildPhase;
			buildActionMask = 2147483647;
			files = (
			);
			inputPaths = (
			);
			name = "[CP] Embed Pods Frameworks";
			outputPaths = (
			);
			runOnlyForDeploymentPostprocessing = 0;
			shellPath = /bin/sh;
			shellScript = "\"${SRCROOT}/Pods/Target Support Files/Pods-GitHunt/Pods-GitHunt-frameworks.sh\"\n";
			showEnvVarsInLog = 0;
		};
		A7920E3B279647B4D3678B32 /* [CP] Check Pods Manifest.lock */ = {
			isa = PBXShellScriptBuildPhase;
			buildActionMask = 2147483647;
			files = (
			);
			inputPaths = (
			);
			name = "[CP] Check Pods Manifest.lock";
			outputPaths = (
			);
			runOnlyForDeploymentPostprocessing = 0;
			shellPath = /bin/sh;
			shellScript = "diff \"${PODS_ROOT}/../Podfile.lock\" \"${PODS_ROOT}/Manifest.lock\" > /dev/null\nif [ $? != 0 ] ; then\n    # print error to STDERR\n    echo \"error: The sandbox is not in sync with the Podfile.lock. Run 'pod install' or update your CocoaPods installation.\" >&2\n    exit 1\nfi\n";
			showEnvVarsInLog = 0;
		};
		B21BA98FD842130CF2EB98AF /* [CP] Copy Pods Resources */ = {
			isa = PBXShellScriptBuildPhase;
			buildActionMask = 2147483647;
			files = (
			);
			inputPaths = (
			);
			name = "[CP] Copy Pods Resources";
			outputPaths = (
			);
			runOnlyForDeploymentPostprocessing = 0;
			shellPath = /bin/sh;
			shellScript = "\"${SRCROOT}/Pods/Target Support Files/Pods-GitHunt/Pods-GitHunt-resources.sh\"\n";
			showEnvVarsInLog = 0;
		};
/* End PBXShellScriptBuildPhase section */

/* Begin PBXSourcesBuildPhase section */
		D7BA07021DF5513D005E11E9 /* Sources */ = {
			isa = PBXSourcesBuildPhase;
			buildActionMask = 2147483647;
			files = (
				D7BA070C1DF5513D005E11E9 /* ViewController.swift in Sources */,
				D7BA070A1DF5513D005E11E9 /* AppDelegate.swift in Sources */,
			);
			runOnlyForDeploymentPostprocessing = 0;
		};
/* End PBXSourcesBuildPhase section */

/* Begin PBXVariantGroup section */
		D7BA070D1DF5513D005E11E9 /* Main.storyboard */ = {
			isa = PBXVariantGroup;
			children = (
				D7BA070E1DF5513D005E11E9 /* Base */,
			);
			name = Main.storyboard;
			sourceTree = "<group>";
		};
		D7BA07121DF5513D005E11E9 /* LaunchScreen.storyboard */ = {
			isa = PBXVariantGroup;
			children = (
				D7BA07131DF5513D005E11E9 /* Base */,
			);
			name = LaunchScreen.storyboard;
			sourceTree = "<group>";
		};
/* End PBXVariantGroup section */

/* Begin XCBuildConfiguration section */
		D7BA07161DF5513D005E11E9 /* Debug */ = {
			isa = XCBuildConfiguration;
			buildSettings = {
				ALWAYS_SEARCH_USER_PATHS = NO;
				CLANG_ANALYZER_NONNULL = YES;
				CLANG_CXX_LANGUAGE_STANDARD = "gnu++0x";
				CLANG_CXX_LIBRARY = "libc++";
				CLANG_ENABLE_MODULES = YES;
				CLANG_ENABLE_OBJC_ARC = YES;
				CLANG_WARN_BOOL_CONVERSION = YES;
				CLANG_WARN_CONSTANT_CONVERSION = YES;
				CLANG_WARN_DIRECT_OBJC_ISA_USAGE = YES_ERROR;
				CLANG_WARN_DOCUMENTATION_COMMENTS = YES;
				CLANG_WARN_EMPTY_BODY = YES;
				CLANG_WARN_ENUM_CONVERSION = YES;
				CLANG_WARN_INFINITE_RECURSION = YES;
				CLANG_WARN_INT_CONVERSION = YES;
				CLANG_WARN_OBJC_ROOT_CLASS = YES_ERROR;
				CLANG_WARN_SUSPICIOUS_MOVES = YES;
				CLANG_WARN_UNREACHABLE_CODE = YES;
				CLANG_WARN__DUPLICATE_METHOD_MATCH = YES;
				"CODE_SIGN_IDENTITY[sdk=iphoneos*]" = "iPhone Developer";
				COPY_PHASE_STRIP = NO;
				DEBUG_INFORMATION_FORMAT = dwarf;
				ENABLE_STRICT_OBJC_MSGSEND = YES;
				ENABLE_TESTABILITY = YES;
				GCC_C_LANGUAGE_STANDARD = gnu99;
				GCC_DYNAMIC_NO_PIC = NO;
				GCC_NO_COMMON_BLOCKS = YES;
				GCC_OPTIMIZATION_LEVEL = 0;
				GCC_PREPROCESSOR_DEFINITIONS = (
					"DEBUG=1",
					"$(inherited)",
				);
				GCC_WARN_64_TO_32_BIT_CONVERSION = YES;
				GCC_WARN_ABOUT_RETURN_TYPE = YES_ERROR;
				GCC_WARN_UNDECLARED_SELECTOR = YES;
				GCC_WARN_UNINITIALIZED_AUTOS = YES_AGGRESSIVE;
				GCC_WARN_UNUSED_FUNCTION = YES;
				GCC_WARN_UNUSED_VARIABLE = YES;
				IPHONEOS_DEPLOYMENT_TARGET = 10.1;
				MTL_ENABLE_DEBUG_INFO = YES;
				ONLY_ACTIVE_ARCH = YES;
				SDKROOT = iphoneos;
				SWIFT_ACTIVE_COMPILATION_CONDITIONS = DEBUG;
				SWIFT_OPTIMIZATION_LEVEL = "-Onone";
				TARGETED_DEVICE_FAMILY = "1,2";
			};
			name = Debug;
		};
		D7BA07171DF5513D005E11E9 /* Release */ = {
			isa = XCBuildConfiguration;
			buildSettings = {
				ALWAYS_SEARCH_USER_PATHS = NO;
				CLANG_ANALYZER_NONNULL = YES;
				CLANG_CXX_LANGUAGE_STANDARD = "gnu++0x";
				CLANG_CXX_LIBRARY = "libc++";
				CLANG_ENABLE_MODULES = YES;
				CLANG_ENABLE_OBJC_ARC = YES;
				CLANG_WARN_BOOL_CONVERSION = YES;
				CLANG_WARN_CONSTANT_CONVERSION = YES;
				CLANG_WARN_DIRECT_OBJC_ISA_USAGE = YES_ERROR;
				CLANG_WARN_DOCUMENTATION_COMMENTS = YES;
				CLANG_WARN_EMPTY_BODY = YES;
				CLANG_WARN_ENUM_CONVERSION = YES;
				CLANG_WARN_INFINITE_RECURSION = YES;
				CLANG_WARN_INT_CONVERSION = YES;
				CLANG_WARN_OBJC_ROOT_CLASS = YES_ERROR;
				CLANG_WARN_SUSPICIOUS_MOVES = YES;
				CLANG_WARN_UNREACHABLE_CODE = YES;
				CLANG_WARN__DUPLICATE_METHOD_MATCH = YES;
				"CODE_SIGN_IDENTITY[sdk=iphoneos*]" = "iPhone Developer";
				COPY_PHASE_STRIP = NO;
				DEBUG_INFORMATION_FORMAT = "dwarf-with-dsym";
				ENABLE_NS_ASSERTIONS = NO;
				ENABLE_STRICT_OBJC_MSGSEND = YES;
				GCC_C_LANGUAGE_STANDARD = gnu99;
				GCC_NO_COMMON_BLOCKS = YES;
				GCC_WARN_64_TO_32_BIT_CONVERSION = YES;
				GCC_WARN_ABOUT_RETURN_TYPE = YES_ERROR;
				GCC_WARN_UNDECLARED_SELECTOR = YES;
				GCC_WARN_UNINITIALIZED_AUTOS = YES_AGGRESSIVE;
				GCC_WARN_UNUSED_FUNCTION = YES;
				GCC_WARN_UNUSED_VARIABLE = YES;
				IPHONEOS_DEPLOYMENT_TARGET = 10.1;
				MTL_ENABLE_DEBUG_INFO = NO;
				SDKROOT = iphoneos;
				SWIFT_OPTIMIZATION_LEVEL = "-Owholemodule";
				TARGETED_DEVICE_FAMILY = "1,2";
				VALIDATE_PRODUCT = YES;
			};
			name = Release;
		};
		D7BA07191DF5513D005E11E9 /* Debug */ = {
			isa = XCBuildConfiguration;
			baseConfigurationReference = E20723F8926C4E30F72DF971 /* Pods-GitHunt.debug.xcconfig */;
			buildSettings = {
				ASSETCATALOG_COMPILER_APPICON_NAME = AppIcon;
				DEVELOPMENT_TEAM = WD4E9Z2WK8;
				INFOPLIST_FILE = GitHunt/Info.plist;
				LD_RUNPATH_SEARCH_PATHS = "$(inherited) @executable_path/Frameworks";
				PRODUCT_BUNDLE_IDENTIFIER = com.alcherk.GitHunt;
				PRODUCT_NAME = "$(TARGET_NAME)";
				SWIFT_VERSION = 3.0;
			};
			name = Debug;
		};
		D7BA071A1DF5513D005E11E9 /* Release */ = {
			isa = XCBuildConfiguration;
			baseConfigurationReference = DB1003620D2A3905918DE0CD /* Pods-GitHunt.release.xcconfig */;
			buildSettings = {
				ASSETCATALOG_COMPILER_APPICON_NAME = AppIcon;
				DEVELOPMENT_TEAM = WD4E9Z2WK8;
				INFOPLIST_FILE = GitHunt/Info.plist;
				LD_RUNPATH_SEARCH_PATHS = "$(inherited) @executable_path/Frameworks";
				PRODUCT_BUNDLE_IDENTIFIER = com.alcherk.GitHunt;
				PRODUCT_NAME = "$(TARGET_NAME)";
				SWIFT_VERSION = 3.0;
			};
			name = Release;
		};
/* End XCBuildConfiguration section */

/* Begin XCConfigurationList section */
		D7BA07011DF5513D005E11E9 /* Build configuration list for PBXProject "GitHunt" */ = {
			isa = XCConfigurationList;
			buildConfigurations = (
				D7BA07161DF5513D005E11E9 /* Debug */,
				D7BA07171DF5513D005E11E9 /* Release */,
			);
			defaultConfigurationIsVisible = 0;
			defaultConfigurationName = Release;
		};
		D7BA07181DF5513D005E11E9 /* Build configuration list for PBXNativeTarget "GitHunt" */ = {
			isa = XCConfigurationList;
			buildConfigurations = (
				D7BA07191DF5513D005E11E9 /* Debug */,
				D7BA071A1DF5513D005E11E9 /* Release */,
			);
			defaultConfigurationIsVisible = 0;
		};
/* End XCConfigurationList section */
	};
	rootObject = D7BA06FE1DF5513D005E11E9 /* Project object */;
}
